
Microsoft Visual Studio Solution File, Format Version 12.00
# Visual Studio 14
VisualStudioVersion = 14.0.25123.0
MinimumVisualStudioVersion = 10.0.40219.1
Project("{FAE04EC0-301F-11D3-BF4B-00C04F79EFBC}") = "MonoCode.Samples.Droid", "MonoCode.Samples\MonoCode.Samples.Droid\MonoCode.Samples.Droid.csproj", "{086110AB-FB12-4927-96BC-85954B0874D9}"
EndProject
Project("{FAE04EC0-301F-11D3-BF4B-00C04F79EFBC}") = "MonoCode.Samples.iOS", "MonoCode.Samples\MonoCode.Samples.iOS\MonoCode.Samples.iOS.csproj", "{997366CD-C9D9-4424-A9B6-DF2D7C0D870D}"
EndProject
Project("{FAE04EC0-301F-11D3-BF4B-00C04F79EFBC}") = "MonoCode.Samples.WinPhone", "MonoCode.Samples\MonoCode.Samples.WinPhone\MonoCode.Samples.WinPhone.csproj", "{0A2D04B2-0840-44B1-A315-B10AB15DD661}"
EndProject
Project("{FAE04EC0-301F-11D3-BF4B-00C04F79EFBC}") = "MonoCode.Samples.Windows", "MonoCode.Samples\MonoCode.Samples.Windows\MonoCode.Samples.Windows.csproj", "{0A6FF755-5AA8-4D47-A096-43A802C19703}"
EndProject
Project("{FAE04EC0-301F-11D3-BF4B-00C04F79EFBC}") = "MonoCode.Samples", "MonoCode.Samples\MonoCode.Samples\MonoCode.Samples.csproj", "{A13D0589-6F20-4DC3-AB02-95F7462C2507}"
EndProject
Global
	GlobalSection(SolutionConfigurationPlatforms) = preSolution
		Ad-Hoc|Any CPU = Ad-Hoc|Any CPU
		Ad-Hoc|ARM = Ad-Hoc|ARM
		Ad-Hoc|iPhone = Ad-Hoc|iPhone
		Ad-Hoc|iPhoneSimulator = Ad-Hoc|iPhoneSimulator
		Ad-Hoc|x64 = Ad-Hoc|x64
		Ad-Hoc|x86 = Ad-Hoc|x86
		AppStore|Any CPU = AppStore|Any CPU
		AppStore|ARM = AppStore|ARM
		AppStore|iPhone = AppStore|iPhone
		AppStore|iPhoneSimulator = AppStore|iPhoneSimulator
		AppStore|x64 = AppStore|x64
		AppStore|x86 = AppStore|x86
		Debug|Any CPU = Debug|Any CPU
		Debug|ARM = Debug|ARM
		Debug|iPhone = Debug|iPhone
		Debug|iPhoneSimulator = Debug|iPhoneSimulator
		Debug|x64 = Debug|x64
		Debug|x86 = Debug|x86
		Release|Any CPU = Release|Any CPU
		Release|ARM = Release|ARM
		Release|iPhone = Release|iPhone
		Release|iPhoneSimulator = Release|iPhoneSimulator
		Release|x64 = Release|x64
		Release|x86 = Release|x86
	EndGlobalSection
	GlobalSection(ProjectConfigurationPlatforms) = postSolution
		{086110AB-FB12-4927-96BC-85954B0874D9}.Ad-Hoc|Any CPU.ActiveCfg = Release|Any CPU
		{086110AB-FB12-4927-96BC-85954B0874D9}.Ad-Hoc|Any CPU.Build.0 = Release|Any CPU
		{086110AB-FB12-4927-96BC-85954B0874D9}.Ad-Hoc|Any CPU.Deploy.0 = Release|Any CPU
		{086110AB-FB12-4927-96BC-85954B0874D9}.Ad-Hoc|ARM.ActiveCfg = Release|Any CPU
		{086110AB-FB12-4927-96BC-85954B0874D9}.Ad-Hoc|ARM.Build.0 = Release|Any CPU
		{086110AB-FB12-4927-96BC-85954B0874D9}.Ad-Hoc|ARM.Deploy.0 = Release|Any CPU
		{086110AB-FB12-4927-96BC-85954B0874D9}.Ad-Hoc|iPhone.ActiveCfg = Release|Any CPU
		{086110AB-FB12-4927-96BC-85954B0874D9}.Ad-Hoc|iPhone.Build.0 = Release|Any CPU
		{086110AB-FB12-4927-96BC-85954B0874D9}.Ad-Hoc|iPhone.Deploy.0 = Release|Any CPU
		{086110AB-FB12-4927-96BC-85954B0874D9}.Ad-Hoc|iPhoneSimulator.ActiveCfg = Release|Any CPU
		{086110AB-FB12-4927-96BC-85954B0874D9}.Ad-Hoc|iPhoneSimulator.Build.0 = Release|Any CPU
		{086110AB-FB12-4927-96BC-85954B0874D9}.Ad-Hoc|iPhoneSimulator.Deploy.0 = Release|Any CPU
		{086110AB-FB12-4927-96BC-85954B0874D9}.Ad-Hoc|x64.ActiveCfg = Release|Any CPU
		{086110AB-FB12-4927-96BC-85954B0874D9}.Ad-Hoc|x64.Build.0 = Release|Any CPU
		{086110AB-FB12-4927-96BC-85954B0874D9}.Ad-Hoc|x64.Deploy.0 = Release|Any CPU
		{086110AB-FB12-4927-96BC-85954B0874D9}.Ad-Hoc|x86.ActiveCfg = Release|Any CPU
		{086110AB-FB12-4927-96BC-85954B0874D9}.Ad-Hoc|x86.Build.0 = Release|Any CPU
		{086110AB-FB12-4927-96BC-85954B0874D9}.Ad-Hoc|x86.Deploy.0 = Release|Any CPU
		{086110AB-FB12-4927-96BC-85954B0874D9}.AppStore|Any CPU.ActiveCfg = Release|Any CPU
		{086110AB-FB12-4927-96BC-85954B0874D9}.AppStore|Any CPU.Build.0 = Release|Any CPU
		{086110AB-FB12-4927-96BC-85954B0874D9}.AppStore|Any CPU.Deploy.0 = Release|Any CPU
		{086110AB-FB12-4927-96BC-85954B0874D9}.AppStore|ARM.ActiveCfg = Release|Any CPU
		{086110AB-FB12-4927-96BC-85954B0874D9}.AppStore|ARM.Build.0 = Release|Any CPU
		{086110AB-FB12-4927-96BC-85954B0874D9}.AppStore|ARM.Deploy.0 = Release|Any CPU
		{086110AB-FB12-4927-96BC-85954B0874D9}.AppStore|iPhone.ActiveCfg = Release|Any CPU
		{086110AB-FB12-4927-96BC-85954B0874D9}.AppStore|iPhone.Build.0 = Release|Any CPU
		{086110AB-FB12-4927-96BC-85954B0874D9}.AppStore|iPhone.Deploy.0 = Release|Any CPU
		{086110AB-FB12-4927-96BC-85954B0874D9}.AppStore|iPhoneSimulator.ActiveCfg = Release|Any CPU
		{086110AB-FB12-4927-96BC-85954B0874D9}.AppStore|iPhoneSimulator.Build.0 = Release|Any CPU
		{086110AB-FB12-4927-96BC-85954B0874D9}.AppStore|iPhoneSimulator.Deploy.0 = Release|Any CPU
		{086110AB-FB12-4927-96BC-85954B0874D9}.AppStore|x64.ActiveCfg = Release|Any CPU
		{086110AB-FB12-4927-96BC-85954B0874D9}.AppStore|x64.Build.0 = Release|Any CPU
		{086110AB-FB12-4927-96BC-85954B0874D9}.AppStore|x64.Deploy.0 = Release|Any CPU
		{086110AB-FB12-4927-96BC-85954B0874D9}.AppStore|x86.ActiveCfg = Release|Any CPU
		{086110AB-FB12-4927-96BC-85954B0874D9}.AppStore|x86.Build.0 = Release|Any CPU
		{086110AB-FB12-4927-96BC-85954B0874D9}.AppStore|x86.Deploy.0 = Release|Any CPU
		{086110AB-FB12-4927-96BC-85954B0874D9}.Debug|Any CPU.ActiveCfg = Debug|Any CPU
		{086110AB-FB12-4927-96BC-85954B0874D9}.Debug|Any CPU.Build.0 = Debug|Any CPU
		{086110AB-FB12-4927-96BC-85954B0874D9}.Debug|Any CPU.Deploy.0 = Debug|Any CPU
		{086110AB-FB12-4927-96BC-85954B0874D9}.Debug|ARM.ActiveCfg = Debug|Any CPU
		{086110AB-FB12-4927-96BC-85954B0874D9}.Debug|ARM.Build.0 = Debug|Any CPU
		{086110AB-FB12-4927-96BC-85954B0874D9}.Debug|ARM.Deploy.0 = Debug|Any CPU
		{086110AB-FB12-4927-96BC-85954B0874D9}.Debug|iPhone.ActiveCfg = Debug|Any CPU
		{086110AB-FB12-4927-96BC-85954B0874D9}.Debug|iPhone.Build.0 = Debug|Any CPU
		{086110AB-FB12-4927-96BC-85954B0874D9}.Debug|iPhone.Deploy.0 = Debug|Any CPU
		{086110AB-FB12-4927-96BC-85954B0874D9}.Debug|iPhoneSimulator.ActiveCfg = Debug|Any CPU
		{086110AB-FB12-4927-96BC-85954B0874D9}.Debug|iPhoneSimulator.Build.0 = Debug|Any CPU
		{086110AB-FB12-4927-96BC-85954B0874D9}.Debug|iPhoneSimulator.Deploy.0 = Debug|Any CPU
		{086110AB-FB12-4927-96BC-85954B0874D9}.Debug|x64.ActiveCfg = Debug|Any CPU
		{086110AB-FB12-4927-96BC-85954B0874D9}.Debug|x64.Build.0 = Debug|Any CPU
		{086110AB-FB12-4927-96BC-85954B0874D9}.Debug|x64.Deploy.0 = Debug|Any CPU
		{086110AB-FB12-4927-96BC-85954B0874D9}.Debug|x86.ActiveCfg = Debug|Any CPU
		{086110AB-FB12-4927-96BC-85954B0874D9}.Debug|x86.Build.0 = Debug|Any CPU
		{086110AB-FB12-4927-96BC-85954B0874D9}.Debug|x86.Deploy.0 = Debug|Any CPU
		{086110AB-FB12-4927-96BC-85954B0874D9}.Release|Any CPU.ActiveCfg = Release|Any CPU
		{086110AB-FB12-4927-96BC-85954B0874D9}.Release|Any CPU.Build.0 = Release|Any CPU
		{086110AB-FB12-4927-96BC-85954B0874D9}.Release|Any CPU.Deploy.0 = Release|Any CPU
		{086110AB-FB12-4927-96BC-85954B0874D9}.Release|ARM.ActiveCfg = Release|Any CPU
		{086110AB-FB12-4927-96BC-85954B0874D9}.Release|ARM.Build.0 = Release|Any CPU
		{086110AB-FB12-4927-96BC-85954B0874D9}.Release|ARM.Deploy.0 = Release|Any CPU
		{086110AB-FB12-4927-96BC-85954B0874D9}.Release|iPhone.ActiveCfg = Release|Any CPU
		{086110AB-FB12-4927-96BC-85954B0874D9}.Release|iPhone.Build.0 = Release|Any CPU
		{086110AB-FB12-4927-96BC-85954B0874D9}.Release|iPhone.Deploy.0 = Release|Any CPU
		{086110AB-FB12-4927-96BC-85954B0874D9}.Release|iPhoneSimulator.ActiveCfg = Release|Any CPU
		{086110AB-FB12-4927-96BC-85954B0874D9}.Release|iPhoneSimulator.Build.0 = Release|Any CPU
		{086110AB-FB12-4927-96BC-85954B0874D9}.Release|iPhoneSimulator.Deploy.0 = Release|Any CPU
		{086110AB-FB12-4927-96BC-85954B0874D9}.Release|x64.ActiveCfg = Release|Any CPU
		{086110AB-FB12-4927-96BC-85954B0874D9}.Release|x64.Build.0 = Release|Any CPU
		{086110AB-FB12-4927-96BC-85954B0874D9}.Release|x64.Deploy.0 = Release|Any CPU
		{086110AB-FB12-4927-96BC-85954B0874D9}.Release|x86.ActiveCfg = Release|Any CPU
		{086110AB-FB12-4927-96BC-85954B0874D9}.Release|x86.Build.0 = Release|Any CPU
		{086110AB-FB12-4927-96BC-85954B0874D9}.Release|x86.Deploy.0 = Release|Any CPU
		{997366CD-C9D9-4424-A9B6-DF2D7C0D870D}.Ad-Hoc|Any CPU.ActiveCfg = Ad-Hoc|iPhone
		{997366CD-C9D9-4424-A9B6-DF2D7C0D870D}.Ad-Hoc|ARM.ActiveCfg = Ad-Hoc|iPhone
		{997366CD-C9D9-4424-A9B6-DF2D7C0D870D}.Ad-Hoc|iPhone.ActiveCfg = Ad-Hoc|iPhone
		{997366CD-C9D9-4424-A9B6-DF2D7C0D870D}.Ad-Hoc|iPhone.Build.0 = Ad-Hoc|iPhone
		{997366CD-C9D9-4424-A9B6-DF2D7C0D870D}.Ad-Hoc|iPhoneSimulator.ActiveCfg = Ad-Hoc|iPhoneSimulator
		{997366CD-C9D9-4424-A9B6-DF2D7C0D870D}.Ad-Hoc|iPhoneSimulator.Build.0 = Ad-Hoc|iPhoneSimulator
		{997366CD-C9D9-4424-A9B6-DF2D7C0D870D}.Ad-Hoc|x64.ActiveCfg = Ad-Hoc|iPhone
		{997366CD-C9D9-4424-A9B6-DF2D7C0D870D}.Ad-Hoc|x86.ActiveCfg = Ad-Hoc|iPhone
		{997366CD-C9D9-4424-A9B6-DF2D7C0D870D}.AppStore|Any CPU.ActiveCfg = AppStore|iPhone
		{997366CD-C9D9-4424-A9B6-DF2D7C0D870D}.AppStore|ARM.ActiveCfg = AppStore|iPhone
		{997366CD-C9D9-4424-A9B6-DF2D7C0D870D}.AppStore|iPhone.ActiveCfg = AppStore|iPhone
		{997366CD-C9D9-4424-A9B6-DF2D7C0D870D}.AppStore|iPhone.Build.0 = AppStore|iPhone
		{997366CD-C9D9-4424-A9B6-DF2D7C0D870D}.AppStore|iPhoneSimulator.ActiveCfg = AppStore|iPhoneSimulator
		{997366CD-C9D9-4424-A9B6-DF2D7C0D870D}.AppStore|iPhoneSimulator.Build.0 = AppStore|iPhoneSimulator
		{997366CD-C9D9-4424-A9B6-DF2D7C0D870D}.AppStore|x64.ActiveCfg = AppStore|iPhone
		{997366CD-C9D9-4424-A9B6-DF2D7C0D870D}.AppStore|x86.ActiveCfg = AppStore|iPhone
		{997366CD-C9D9-4424-A9B6-DF2D7C0D870D}.Debug|Any CPU.ActiveCfg = Debug|iPhone
		{997366CD-C9D9-4424-A9B6-DF2D7C0D870D}.Debug|ARM.ActiveCfg = Debug|iPhone
		{997366CD-C9D9-4424-A9B6-DF2D7C0D870D}.Debug|iPhone.ActiveCfg = Debug|iPhone
		{997366CD-C9D9-4424-A9B6-DF2D7C0D870D}.Debug|iPhone.Build.0 = Debug|iPhone
		{997366CD-C9D9-4424-A9B6-DF2D7C0D870D}.Debug|iPhoneSimulator.ActiveCfg = Debug|iPhoneSimulator
		{997366CD-C9D9-4424-A9B6-DF2D7C0D870D}.Debug|iPhoneSimulator.Build.0 = Debug|iPhoneSimulator
		{997366CD-C9D9-4424-A9B6-DF2D7C0D870D}.Debug|x64.ActiveCfg = Debug|iPhone
		{997366CD-C9D9-4424-A9B6-DF2D7C0D870D}.Debug|x86.ActiveCfg = Debug|iPhone
		{997366CD-C9D9-4424-A9B6-DF2D7C0D870D}.Release|Any CPU.ActiveCfg = Release|iPhone
		{997366CD-C9D9-4424-A9B6-DF2D7C0D870D}.Release|ARM.ActiveCfg = Release|iPhone
		{997366CD-C9D9-4424-A9B6-DF2D7C0D870D}.Release|iPhone.ActiveCfg = Release|iPhone
		{997366CD-C9D9-4424-A9B6-DF2D7C0D870D}.Release|iPhone.Build.0 = Release|iPhone
		{997366CD-C9D9-4424-A9B6-DF2D7C0D870D}.Release|iPhoneSimulator.ActiveCfg = Release|iPhoneSimulator
		{997366CD-C9D9-4424-A9B6-DF2D7C0D870D}.Release|iPhoneSimulator.Build.0 = Release|iPhoneSimulator
		{997366CD-C9D9-4424-A9B6-DF2D7C0D870D}.Release|x64.ActiveCfg = Release|iPhone
		{997366CD-C9D9-4424-A9B6-DF2D7C0D870D}.Release|x86.ActiveCfg = Release|iPhone
		{0A2D04B2-0840-44B1-A315-B10AB15DD661}.Ad-Hoc|Any CPU.ActiveCfg = Release|Any CPU
		{0A2D04B2-0840-44B1-A315-B10AB15DD661}.Ad-Hoc|Any CPU.Build.0 = Release|Any CPU
		{0A2D04B2-0840-44B1-A315-B10AB15DD661}.Ad-Hoc|Any CPU.Deploy.0 = Release|Any CPU
		{0A2D04B2-0840-44B1-A315-B10AB15DD661}.Ad-Hoc|ARM.ActiveCfg = Release|ARM
		{0A2D04B2-0840-44B1-A315-B10AB15DD661}.Ad-Hoc|ARM.Build.0 = Release|ARM
		{0A2D04B2-0840-44B1-A315-B10AB15DD661}.Ad-Hoc|ARM.Deploy.0 = Release|ARM
		{0A2D04B2-0840-44B1-A315-B10AB15DD661}.Ad-Hoc|iPhone.ActiveCfg = Release|Any CPU
		{0A2D04B2-0840-44B1-A315-B10AB15DD661}.Ad-Hoc|iPhone.Build.0 = Release|Any CPU
		{0A2D04B2-0840-44B1-A315-B10AB15DD661}.Ad-Hoc|iPhone.Deploy.0 = Release|Any CPU
		{0A2D04B2-0840-44B1-A315-B10AB15DD661}.Ad-Hoc|iPhoneSimulator.ActiveCfg = Release|Any CPU
		{0A2D04B2-0840-44B1-A315-B10AB15DD661}.Ad-Hoc|iPhoneSimulator.Build.0 = Release|Any CPU
		{0A2D04B2-0840-44B1-A315-B10AB15DD661}.Ad-Hoc|iPhoneSimulator.Deploy.0 = Release|Any CPU
		{0A2D04B2-0840-44B1-A315-B10AB15DD661}.Ad-Hoc|x64.ActiveCfg = Release|Any CPU
		{0A2D04B2-0840-44B1-A315-B10AB15DD661}.Ad-Hoc|x64.Build.0 = Release|Any CPU
		{0A2D04B2-0840-44B1-A315-B10AB15DD661}.Ad-Hoc|x64.Deploy.0 = Release|Any CPU
		{0A2D04B2-0840-44B1-A315-B10AB15DD661}.Ad-Hoc|x86.ActiveCfg = Release|x86
		{0A2D04B2-0840-44B1-A315-B10AB15DD661}.Ad-Hoc|x86.Build.0 = Release|x86
		{0A2D04B2-0840-44B1-A315-B10AB15DD661}.Ad-Hoc|x86.Deploy.0 = Release|x86
		{0A2D04B2-0840-44B1-A315-B10AB15DD661}.AppStore|Any CPU.ActiveCfg = Release|Any CPU
		{0A2D04B2-0840-44B1-A315-B10AB15DD661}.AppStore|Any CPU.Build.0 = Release|Any CPU
		{0A2D04B2-0840-44B1-A315-B10AB15DD661}.AppStore|Any CPU.Deploy.0 = Release|Any CPU
		{0A2D04B2-0840-44B1-A315-B10AB15DD661}.AppStore|ARM.ActiveCfg = Release|ARM
		{0A2D04B2-0840-44B1-A315-B10AB15DD661}.AppStore|ARM.Build.0 = Release|ARM
		{0A2D04B2-0840-44B1-A315-B10AB15DD661}.AppStore|ARM.Deploy.0 = Release|ARM
		{0A2D04B2-0840-44B1-A315-B10AB15DD661}.AppStore|iPhone.ActiveCfg = Release|Any CPU
		{0A2D04B2-0840-44B1-A315-B10AB15DD661}.AppStore|iPhone.Build.0 = Release|Any CPU
		{0A2D04B2-0840-44B1-A315-B10AB15DD661}.AppStore|iPhone.Deploy.0 = Release|Any CPU
		{0A2D04B2-0840-44B1-A315-B10AB15DD661}.AppStore|iPhoneSimulator.ActiveCfg = Release|Any CPU
		{0A2D04B2-0840-44B1-A315-B10AB15DD661}.AppStore|iPhoneSimulator.Build.0 = Release|Any CPU
		{0A2D04B2-0840-44B1-A315-B10AB15DD661}.AppStore|iPhoneSimulator.Deploy.0 = Release|Any CPU
		{0A2D04B2-0840-44B1-A315-B10AB15DD661}.AppStore|x64.ActiveCfg = Release|Any CPU
		{0A2D04B2-0840-44B1-A315-B10AB15DD661}.AppStore|x64.Build.0 = Release|Any CPU
		{0A2D04B2-0840-44B1-A315-B10AB15DD661}.AppStore|x64.Deploy.0 = Release|Any CPU
		{0A2D04B2-0840-44B1-A315-B10AB15DD661}.AppStore|x86.ActiveCfg = Release|x86
		{0A2D04B2-0840-44B1-A315-B10AB15DD661}.AppStore|x86.Build.0 = Release|x86
		{0A2D04B2-0840-44B1-A315-B10AB15DD661}.AppStore|x86.Deploy.0 = Release|x86
		{0A2D04B2-0840-44B1-A315-B10AB15DD661}.Debug|Any CPU.ActiveCfg = Debug|Any CPU
		{0A2D04B2-0840-44B1-A315-B10AB15DD661}.Debug|Any CPU.Build.0 = Debug|Any CPU
		{0A2D04B2-0840-44B1-A315-B10AB15DD661}.Debug|Any CPU.Deploy.0 = Debug|Any CPU
		{0A2D04B2-0840-44B1-A315-B10AB15DD661}.Debug|ARM.ActiveCfg = Debug|ARM
		{0A2D04B2-0840-44B1-A315-B10AB15DD661}.Debug|ARM.Build.0 = Debug|ARM
		{0A2D04B2-0840-44B1-A315-B10AB15DD661}.Debug|ARM.Deploy.0 = Debug|ARM
		{0A2D04B2-0840-44B1-A315-B10AB15DD661}.Debug|iPhone.ActiveCfg = Debug|Any CPU
		{0A2D04B2-0840-44B1-A315-B10AB15DD661}.Debug|iPhone.Build.0 = Debug|Any CPU
		{0A2D04B2-0840-44B1-A315-B10AB15DD661}.Debug|iPhone.Deploy.0 = Debug|Any CPU
		{0A2D04B2-0840-44B1-A315-B10AB15DD661}.Debug|iPhoneSimulator.ActiveCfg = Debug|Any CPU
		{0A2D04B2-0840-44B1-A315-B10AB15DD661}.Debug|iPhoneSimulator.Build.0 = Debug|Any CPU
		{0A2D04B2-0840-44B1-A315-B10AB15DD661}.Debug|iPhoneSimulator.Deploy.0 = Debug|Any CPU
		{0A2D04B2-0840-44B1-A315-B10AB15DD661}.Debug|x64.ActiveCfg = Debug|Any CPU
		{0A2D04B2-0840-44B1-A315-B10AB15DD661}.Debug|x64.Build.0 = Debug|Any CPU
		{0A2D04B2-0840-44B1-A315-B10AB15DD661}.Debug|x64.Deploy.0 = Debug|Any CPU
		{0A2D04B2-0840-44B1-A315-B10AB15DD661}.Debug|x86.ActiveCfg = Debug|x86
		{0A2D04B2-0840-44B1-A315-B10AB15DD661}.Debug|x86.Build.0 = Debug|x86
		{0A2D04B2-0840-44B1-A315-B10AB15DD661}.Debug|x86.Deploy.0 = Debug|x86
		{0A2D04B2-0840-44B1-A315-B10AB15DD661}.Release|Any CPU.ActiveCfg = Release|Any CPU
		{0A2D04B2-0840-44B1-A315-B10AB15DD661}.Release|Any CPU.Build.0 = Release|Any CPU
		{0A2D04B2-0840-44B1-A315-B10AB15DD661}.Release|Any CPU.Deploy.0 = Release|Any CPU
		{0A2D04B2-0840-44B1-A315-B10AB15DD661}.Release|ARM.ActiveCfg = Release|ARM
		{0A2D04B2-0840-44B1-A315-B10AB15DD661}.Release|ARM.Build.0 = Release|ARM
		{0A2D04B2-0840-44B1-A315-B10AB15DD661}.Release|ARM.Deploy.0 = Release|ARM
		{0A2D04B2-0840-44B1-A315-B10AB15DD661}.Release|iPhone.ActiveCfg = Release|Any CPU
		{0A2D04B2-0840-44B1-A315-B10AB15DD661}.Release|iPhone.Build.0 = Release|Any CPU
		{0A2D04B2-0840-44B1-A315-B10AB15DD661}.Release|iPhone.Deploy.0 = Release|Any CPU
		{0A2D04B2-0840-44B1-A315-B10AB15DD661}.Release|iPhoneSimulator.ActiveCfg = Release|Any CPU
		{0A2D04B2-0840-44B1-A315-B10AB15DD661}.Release|iPhoneSimulator.Build.0 = Release|Any CPU
		{0A2D04B2-0840-44B1-A315-B10AB15DD661}.Release|iPhoneSimulator.Deploy.0 = Release|Any CPU
		{0A2D04B2-0840-44B1-A315-B10AB15DD661}.Release|x64.ActiveCfg = Release|Any CPU
		{0A2D04B2-0840-44B1-A315-B10AB15DD661}.Release|x64.Build.0 = Release|Any CPU
		{0A2D04B2-0840-44B1-A315-B10AB15DD661}.Release|x64.Deploy.0 = Release|Any CPU
		{0A2D04B2-0840-44B1-A315-B10AB15DD661}.Release|x86.ActiveCfg = Release|x86
		{0A2D04B2-0840-44B1-A315-B10AB15DD661}.Release|x86.Build.0 = Release|x86
		{0A2D04B2-0840-44B1-A315-B10AB15DD661}.Release|x86.Deploy.0 = Release|x86
		{0A6FF755-5AA8-4D47-A096-43A802C19703}.Ad-Hoc|Any CPU.ActiveCfg = Release|Any CPU
		{0A6FF755-5AA8-4D47-A096-43A802C19703}.Ad-Hoc|Any CPU.Build.0 = Release|Any CPU
		{0A6FF755-5AA8-4D47-A096-43A802C19703}.Ad-Hoc|Any CPU.Deploy.0 = Release|Any CPU
		{0A6FF755-5AA8-4D47-A096-43A802C19703}.Ad-Hoc|ARM.ActiveCfg = Release|ARM
		{0A6FF755-5AA8-4D47-A096-43A802C19703}.Ad-Hoc|ARM.Build.0 = Release|ARM
		{0A6FF755-5AA8-4D47-A096-43A802C19703}.Ad-Hoc|ARM.Deploy.0 = Release|ARM
		{0A6FF755-5AA8-4D47-A096-43A802C19703}.Ad-Hoc|iPhone.ActiveCfg = Release|Any CPU
		{0A6FF755-5AA8-4D47-A096-43A802C19703}.Ad-Hoc|iPhone.Build.0 = Release|Any CPU
		{0A6FF755-5AA8-4D47-A096-43A802C19703}.Ad-Hoc|iPhone.Deploy.0 = Release|Any CPU
		{0A6FF755-5AA8-4D47-A096-43A802C19703}.Ad-Hoc|iPhoneSimulator.ActiveCfg = Release|Any CPU
		{0A6FF755-5AA8-4D47-A096-43A802C19703}.Ad-Hoc|iPhoneSimulator.Build.0 = Release|Any CPU
		{0A6FF755-5AA8-4D47-A096-43A802C19703}.Ad-Hoc|iPhoneSimulator.Deploy.0 = Release|Any CPU
		{0A6FF755-5AA8-4D47-A096-43A802C19703}.Ad-Hoc|x64.ActiveCfg = Release|x64
		{0A6FF755-5AA8-4D47-A096-43A802C19703}.Ad-Hoc|x64.Build.0 = Release|x64
		{0A6FF755-5AA8-4D47-A096-43A802C19703}.Ad-Hoc|x64.Deploy.0 = Release|x64
		{0A6FF755-5AA8-4D47-A096-43A802C19703}.Ad-Hoc|x86.ActiveCfg = Release|x86
		{0A6FF755-5AA8-4D47-A096-43A802C19703}.Ad-Hoc|x86.Build.0 = Release|x86
		{0A6FF755-5AA8-4D47-A096-43A802C19703}.Ad-Hoc|x86.Deploy.0 = Release|x86
		{0A6FF755-5AA8-4D47-A096-43A802C19703}.AppStore|Any CPU.ActiveCfg = Release|Any CPU
		{0A6FF755-5AA8-4D47-A096-43A802C19703}.AppStore|Any CPU.Build.0 = Release|Any CPU
		{0A6FF755-5AA8-4D47-A096-43A802C19703}.AppStore|Any CPU.Deploy.0 = Release|Any CPU
		{0A6FF755-5AA8-4D47-A096-43A802C19703}.AppStore|ARM.ActiveCfg = Release|ARM
		{0A6FF755-5AA8-4D47-A096-43A802C19703}.AppStore|ARM.Build.0 = Release|ARM
		{0A6FF755-5AA8-4D47-A096-43A802C19703}.AppStore|ARM.Deploy.0 = Release|ARM
		{0A6FF755-5AA8-4D47-A096-43A802C19703}.AppStore|iPhone.ActiveCfg = Release|Any CPU
		{0A6FF755-5AA8-4D47-A096-43A802C19703}.AppStore|iPhone.Build.0 = Release|Any CPU
		{0A6FF755-5AA8-4D47-A096-43A802C19703}.AppStore|iPhone.Deploy.0 = Release|Any CPU
		{0A6FF755-5AA8-4D47-A096-43A802C19703}.AppStore|iPhoneSimulator.ActiveCfg = Release|Any CPU
		{0A6FF755-5AA8-4D47-A096-43A802C19703}.AppStore|iPhoneSimulator.Build.0 = Release|Any CPU
		{0A6FF755-5AA8-4D47-A096-43A802C19703}.AppStore|iPhoneSimulator.Deploy.0 = Release|Any CPU
		{0A6FF755-5AA8-4D47-A096-43A802C19703}.AppStore|x64.ActiveCfg = Release|x64
		{0A6FF755-5AA8-4D47-A096-43A802C19703}.AppStore|x64.Build.0 = Release|x64
		{0A6FF755-5AA8-4D47-A096-43A802C19703}.AppStore|x64.Deploy.0 = Release|x64
		{0A6FF755-5AA8-4D47-A096-43A802C19703}.AppStore|x86.ActiveCfg = Release|x86
		{0A6FF755-5AA8-4D47-A096-43A802C19703}.AppStore|x86.Build.0 = Release|x86
		{0A6FF755-5AA8-4D47-A096-43A802C19703}.AppStore|x86.Deploy.0 = Release|x86
		{0A6FF755-5AA8-4D47-A096-43A802C19703}.Debug|Any CPU.ActiveCfg = Debug|Any CPU
		{0A6FF755-5AA8-4D47-A096-43A802C19703}.Debug|Any CPU.Build.0 = Debug|Any CPU
		{0A6FF755-5AA8-4D47-A096-43A802C19703}.Debug|Any CPU.Deploy.0 = Debug|Any CPU
		{0A6FF755-5AA8-4D47-A096-43A802C19703}.Debug|ARM.ActiveCfg = Debug|ARM
		{0A6FF755-5AA8-4D47-A096-43A802C19703}.Debug|ARM.Build.0 = Debug|ARM
		{0A6FF755-5AA8-4D47-A096-43A802C19703}.Debug|ARM.Deploy.0 = Debug|ARM
		{0A6FF755-5AA8-4D47-A096-43A802C19703}.Debug|iPhone.ActiveCfg = Debug|Any CPU
		{0A6FF755-5AA8-4D47-A096-43A802C19703}.Debug|iPhone.Build.0 = Debug|Any CPU
		{0A6FF755-5AA8-4D47-A096-43A802C19703}.Debug|iPhone.Deploy.0 = Debug|Any CPU
		{0A6FF755-5AA8-4D47-A096-43A802C19703}.Debug|iPhoneSimulator.ActiveCfg = Debug|Any CPU
		{0A6FF755-5AA8-4D47-A096-43A802C19703}.Debug|iPhoneSimulator.Build.0 = Debug|Any CPU
		{0A6FF755-5AA8-4D47-A096-43A802C19703}.Debug|iPhoneSimulator.Deploy.0 = Debug|Any CPU
		{0A6FF755-5AA8-4D47-A096-43A802C19703}.Debug|x64.ActiveCfg = Debug|x64
		{0A6FF755-5AA8-4D47-A096-43A802C19703}.Debug|x64.Build.0 = Debug|x64
		{0A6FF755-5AA8-4D47-A096-43A802C19703}.Debug|x64.Deploy.0 = Debug|x64
		{0A6FF755-5AA8-4D47-A096-43A802C19703}.Debug|x86.ActiveCfg = Debug|x86
		{0A6FF755-5AA8-4D47-A096-43A802C19703}.Debug|x86.Build.0 = Debug|x86
		{0A6FF755-5AA8-4D47-A096-43A802C19703}.Debug|x86.Deploy.0 = Debug|x86
		{0A6FF755-5AA8-4D47-A096-43A802C19703}.Release|Any CPU.ActiveCfg = Release|Any CPU
		{0A6FF755-5AA8-4D47-A096-43A802C19703}.Release|Any CPU.Build.0 = Release|Any CPU
		{0A6FF755-5AA8-4D47-A096-43A802C19703}.Release|Any CPU.Deploy.0 = Release|Any CPU
		{0A6FF755-5AA8-4D47-A096-43A802C19703}.Release|ARM.ActiveCfg = Release|ARM
		{0A6FF755-5AA8-4D47-A096-43A802C19703}.Release|ARM.Build.0 = Release|ARM
		{0A6FF755-5AA8-4D47-A096-43A802C19703}.Release|ARM.Deploy.0 = Release|ARM
		{0A6FF755-5AA8-4D47-A096-43A802C19703}.Release|iPhone.ActiveCfg = Release|Any CPU
		{0A6FF755-5AA8-4D47-A096-43A802C19703}.Release|iPhone.Build.0 = Release|Any CPU
		{0A6FF755-5AA8-4D47-A096-43A802C19703}.Release|iPhone.Deploy.0 = Release|Any CPU
		{0A6FF755-5AA8-4D47-A096-43A802C19703}.Release|iPhoneSimulator.ActiveCfg = Release|Any CPU
		{0A6FF755-5AA8-4D47-A096-43A802C19703}.Release|iPhoneSimulator.Build.0 = Release|Any CPU
		{0A6FF755-5AA8-4D47-A096-43A802C19703}.Release|iPhoneSimulator.Deploy.0 = Release|Any CPU
		{0A6FF755-5AA8-4D47-A096-43A802C19703}.Release|x64.ActiveCfg = Release|x64
		{0A6FF755-5AA8-4D47-A096-43A802C19703}.Release|x64.Build.0 = Release|x64
		{0A6FF755-5AA8-4D47-A096-43A802C19703}.Release|x64.Deploy.0 = Release|x64
		{0A6FF755-5AA8-4D47-A096-43A802C19703}.Release|x86.ActiveCfg = Release|x86
		{0A6FF755-5AA8-4D47-A096-43A802C19703}.Release|x86.Build.0 = Release|x86
		{0A6FF755-5AA8-4D47-A096-43A802C19703}.Release|x86.Deploy.0 = Release|x86
		{A13D0589-6F20-4DC3-AB02-95F7462C2507}.Ad-Hoc|Any CPU.ActiveCfg = Release|Any CPU
		{A13D0589-6F20-4DC3-AB02-95F7462C2507}.Ad-Hoc|Any CPU.Build.0 = Release|Any CPU
		{A13D0589-6F20-4DC3-AB02-95F7462C2507}.Ad-Hoc|ARM.ActiveCfg = Release|Any CPU
		{A13D0589-6F20-4DC3-AB02-95F7462C2507}.Ad-Hoc|ARM.Build.0 = Release|Any CPU
		{A13D0589-6F20-4DC3-AB02-95F7462C2507}.Ad-Hoc|iPhone.ActiveCfg = Release|Any CPU
		{A13D0589-6F20-4DC3-AB02-95F7462C2507}.Ad-Hoc|iPhone.Build.0 = Release|Any CPU
		{A13D0589-6F20-4DC3-AB02-95F7462C2507}.Ad-Hoc|iPhoneSimulator.ActiveCfg = Release|Any CPU
		{A13D0589-6F20-4DC3-AB02-95F7462C2507}.Ad-Hoc|iPhoneSimulator.Build.0 = Release|Any CPU
		{A13D0589-6F20-4DC3-AB02-95F7462C2507}.Ad-Hoc|x64.ActiveCfg = Release|Any CPU
		{A13D0589-6F20-4DC3-AB02-95F7462C2507}.Ad-Hoc|x64.Build.0 = Release|Any CPU
		{A13D0589-6F20-4DC3-AB02-95F7462C2507}.Ad-Hoc|x86.ActiveCfg = Release|Any CPU
		{A13D0589-6F20-4DC3-AB02-95F7462C2507}.Ad-Hoc|x86.Build.0 = Release|Any CPU
		{A13D0589-6F20-4DC3-AB02-95F7462C2507}.AppStore|Any CPU.ActiveCfg = Release|Any CPU
		{A13D0589-6F20-4DC3-AB02-95F7462C2507}.AppStore|Any CPU.Build.0 = Release|Any CPU
		{A13D0589-6F20-4DC3-AB02-95F7462C2507}.AppStore|ARM.ActiveCfg = Release|Any CPU
		{A13D0589-6F20-4DC3-AB02-95F7462C2507}.AppStore|ARM.Build.0 = Release|Any CPU
		{A13D0589-6F20-4DC3-AB02-95F7462C2507}.AppStore|iPhone.ActiveCfg = Release|Any CPU
		{A13D0589-6F20-4DC3-AB02-95F7462C2507}.AppStore|iPhone.Build.0 = Release|Any CPU
		{A13D0589-6F20-4DC3-AB02-95F7462C2507}.AppStore|iPhoneSimulator.ActiveCfg = Release|Any CPU
		{A13D0589-6F20-4DC3-AB02-95F7462C2507}.AppStore|iPhoneSimulator.Build.0 = Release|Any CPU
		{A13D0589-6F20-4DC3-AB02-95F7462C2507}.AppStore|x64.ActiveCfg = Release|Any CPU
		{A13D0589-6F20-4DC3-AB02-95F7462C2507}.AppStore|x64.Build.0 = Release|Any CPU
		{A13D0589-6F20-4DC3-AB02-95F7462C2507}.AppStore|x86.ActiveCfg = Release|Any CPU
		{A13D0589-6F20-4DC3-AB02-95F7462C2507}.AppStore|x86.Build.0 = Release|Any CPU
		{A13D0589-6F20-4DC3-AB02-95F7462C2507}.Debug|Any CPU.ActiveCfg = Debug|Any CPU
		{A13D0589-6F20-4DC3-AB02-95F7462C2507}.Debug|Any CPU.Build.0 = Debug|Any CPU
		{A13D0589-6F20-4DC3-AB02-95F7462C2507}.Debug|ARM.ActiveCfg = Debug|Any CPU
		{A13D0589-6F20-4DC3-AB02-95F7462C2507}.Debug|ARM.Build.0 = Debug|Any CPU
		{A13D0589-6F20-4DC3-AB02-95F7462C2507}.Debug|iPhone.ActiveCfg = Debug|Any CPU
		{A13D0589-6F20-4DC3-AB02-95F7462C2507}.Debug|iPhone.Build.0 = Debug|Any CPU
		{A13D0589-6F20-4DC3-AB02-95F7462C2507}.Debug|iPhoneSimulator.ActiveCfg = Debug|Any CPU
		{A13D0589-6F20-4DC3-AB02-95F7462C2507}.Debug|iPhoneSimulator.Build.0 = Debug|Any CPU
		{A13D0589-6F20-4DC3-AB02-95F7462C2507}.Debug|x64.ActiveCfg = Debug|Any CPU
		{A13D0589-6F20-4DC3-AB02-95F7462C2507}.Debug|x64.Build.0 = Debug|Any CPU
		{A13D0589-6F20-4DC3-AB02-95F7462C2507}.Debug|x86.ActiveCfg = Debug|Any CPU
		{A13D0589-6F20-4DC3-AB02-95F7462C2507}.Debug|x86.Build.0 = Debug|Any CPU
		{A13D0589-6F20-4DC3-AB02-95F7462C2507}.Release|Any CPU.ActiveCfg = Release|Any CPU
		{A13D0589-6F20-4DC3-AB02-95F7462C2507}.Release|Any CPU.Build.0 = Release|Any CPU
		{A13D0589-6F20-4DC3-AB02-95F7462C2507}.Release|ARM.ActiveCfg = Release|Any CPU
		{A13D0589-6F20-4DC3-AB02-95F7462C2507}.Release|ARM.Build.0 = Release|Any CPU
		{A13D0589-6F20-4DC3-AB02-95F7462C2507}.Release|iPhone.ActiveCfg = Release|Any CPU
		{A13D0589-6F20-4DC3-AB02-95F7462C2507}.Release|iPhone.Build.0 = Release|Any CPU
		{A13D0589-6F20-4DC3-AB02-95F7462C2507}.Release|iPhoneSimulator.ActiveCfg = Release|Any CPU
		{A13D0589-6F20-4DC3-AB02-95F7462C2507}.Release|iPhoneSimulator.Build.0 = Release|Any CPU
		{A13D0589-6F20-4DC3-AB02-95F7462C2507}.Release|x64.ActiveCfg = Release|Any CPU
		{A13D0589-6F20-4DC3-AB02-95F7462C2507}.Release|x64.Build.0 = Release|Any CPU
		{A13D0589-6F20-4DC3-AB02-95F7462C2507}.Release|x86.ActiveCfg = Release|Any CPU
		{A13D0589-6F20-4DC3-AB02-95F7462C2507}.Release|x86.Build.0 = Release|Any CPU
	EndGlobalSection
	GlobalSection(SolutionProperties) = preSolution
		HideSolutionNode = FALSE
	EndGlobalSection
EndGlobal
